// !$*UTF8*$!
{
	archiveVersion = 1;
	classes = {
	};
	objectVersion = 46;
	objects = {

/* Begin PBXBuildFile section */
		C55C849016EC766B006A29E7 /* CaculatorValue.m in Sources */ = {isa = PBXBuildFile; fileRef = C55C848F16EC766B006A29E7 /* CaculatorValue.m */; };
		C5683C4116E19375005693AE /* CaculatorResultTableViewCell.m in Sources */ = {isa = PBXBuildFile; fileRef = C5683C4016E19375005693AE /* CaculatorResultTableViewCell.m */; };
		C5683C4516E2D272005693AE /* help.html in Resources */ = {isa = PBXBuildFile; fileRef = C5683C4416E2D272005693AE /* help.html */; };
		C583828916EEB8E30044585B /* help1.png in Resources */ = {isa = PBXBuildFile; fileRef = C583828116EEB8E20044585B /* help1.png */; };
		C583828A16EEB8E30044585B /* help1@2x.png in Resources */ = {isa = PBXBuildFile; fileRef = C583828216EEB8E20044585B /* help1@2x.png */; };
		C583828B16EEB8E30044585B /* help2.png in Resources */ = {isa = PBXBuildFile; fileRef = C583828316EEB8E20044585B /* help2.png */; };
		C583828C16EEB8E30044585B /* help2@2x.png in Resources */ = {isa = PBXBuildFile; fileRef = C583828416EEB8E20044585B /* help2@2x.png */; };
		C583828D16EEB8E30044585B /* help3.png in Resources */ = {isa = PBXBuildFile; fileRef = C583828516EEB8E20044585B /* help3.png */; };
		C583828E16EEB8E30044585B /* help3@2x.png in Resources */ = {isa = PBXBuildFile; fileRef = C583828616EEB8E20044585B /* help3@2x.png */; };
		C583828F16EEB8E30044585B /* help4.png in Resources */ = {isa = PBXBuildFile; fileRef = C583828716EEB8E30044585B /* help4.png */; };
		C583829016EEB8E30044585B /* help4@2x.png in Resources */ = {isa = PBXBuildFile; fileRef = C583828816EEB8E30044585B /* help4@2x.png */; };
		C58382D016F355860044585B /* CaculatorValueRuleManager.m in Sources */ = {isa = PBXBuildFile; fileRef = C58382CF16F355850044585B /* CaculatorValueRuleManager.m */; };
		C58382D316F356D10044585B /* CaculatorValueRule.m in Sources */ = {isa = PBXBuildFile; fileRef = C58382D216F356D00044585B /* CaculatorValueRule.m */; };
		C58382D916F3630E0044585B /* DecNotationValueRule.m in Sources */ = {isa = PBXBuildFile; fileRef = C58382D816F3630E0044585B /* DecNotationValueRule.m */; };
		C58382DC16F363330044585B /* HexNotationValueRule.m in Sources */ = {isa = PBXBuildFile; fileRef = C58382DB16F363320044585B /* HexNotationValueRule.m */; };
		C5A4902717BA1A5E00E8CB6F /* AppDelegate.m in Sources */ = {isa = PBXBuildFile; fileRef = C5A4901617BA1A5E00E8CB6F /* AppDelegate.m */; };
		C5A4902817BA1A5E00E8CB6F /* CaculatorButton.m in Sources */ = {isa = PBXBuildFile; fileRef = C5A4901817BA1A5E00E8CB6F /* CaculatorButton.m */; };
		C5A4902917BA1A5E00E8CB6F /* CaculatorResultModel.m in Sources */ = {isa = PBXBuildFile; fileRef = C5A4901A17BA1A5E00E8CB6F /* CaculatorResultModel.m */; };
		C5A4902A17BA1A5E00E8CB6F /* CaculatorScreenLabel.m in Sources */ = {isa = PBXBuildFile; fileRef = C5A4901C17BA1A5E00E8CB6F /* CaculatorScreenLabel.m */; };
		C5A4902B17BA1A5E00E8CB6F /* CaculatorUIStyle.m in Sources */ = {isa = PBXBuildFile; fileRef = C5A4901E17BA1A5E00E8CB6F /* CaculatorUIStyle.m */; };
		C5A4902C17BA1A5E00E8CB6F /* CaculatorViewController.m in Sources */ = {isa = PBXBuildFile; fileRef = C5A4902017BA1A5E00E8CB6F /* CaculatorViewController.m */; };
		C5A4902E17BA1A5E00E8CB6F /* Default-568h@2x.png in Resources */ = {isa = PBXBuildFile; fileRef = C5A4902317BA1A5E00E8CB6F /* Default-568h@2x.png */; };
		C5A4902F17BA1A5E00E8CB6F /* Default.png in Resources */ = {isa = PBXBuildFile; fileRef = C5A4902417BA1A5E00E8CB6F /* Default.png */; };
		C5A4903017BA1A5E00E8CB6F /* Default@2x.png in Resources */ = {isa = PBXBuildFile; fileRef = C5A4902517BA1A5E00E8CB6F /* Default@2x.png */; };
		C5A4903117BA1A5E00E8CB6F /* main.m in Sources */ = {isa = PBXBuildFile; fileRef = C5A4902617BA1A5E00E8CB6F /* main.m */; };
		C5A4903717BA1AA900E8CB6F /* MainStoryboard.storyboard in Resources */ = {isa = PBXBuildFile; fileRef = C5A4903417BA1AA900E8CB6F /* MainStoryboard.storyboard */; };
		C5A4903D17BA1D6800E8CB6F /* InfoPlist.strings in Resources */ = {isa = PBXBuildFile; fileRef = C5A4903B17BA1D6800E8CB6F /* InfoPlist.strings */; };
		C5A4904317BA1DC800E8CB6F /* Icon-72.png in Resources */ = {isa = PBXBuildFile; fileRef = C5A4903E17BA1DC800E8CB6F /* Icon-72.png */; };
		C5A4904417BA1DC800E8CB6F /* Icon-Small-50.png in Resources */ = {isa = PBXBuildFile; fileRef = C5A4903F17BA1DC800E8CB6F /* Icon-Small-50.png */; };
		C5A4904517BA1DC800E8CB6F /* Icon-Small.png in Resources */ = {isa = PBXBuildFile; fileRef = C5A4904017BA1DC800E8CB6F /* Icon-Small.png */; };
		C5A4904617BA1DC800E8CB6F /* Icon-Small@2x.png in Resources */ = {isa = PBXBuildFile; fileRef = C5A4904117BA1DC800E8CB6F /* Icon-Small@2x.png */; };
		C5A4904717BA1DC800E8CB6F /* iTunesArtwork in Resources */ = {isa = PBXBuildFile; fileRef = C5A4904217BA1DC800E8CB6F /* iTunesArtwork */; };
		C5A4904A17BA1E0E00E8CB6F /* Icon.png in Resources */ = {isa = PBXBuildFile; fileRef = C5A4904817BA1E0E00E8CB6F /* Icon.png */; };
		C5A4904B17BA1E0E00E8CB6F /* Icon@2x.png in Resources */ = {isa = PBXBuildFile; fileRef = C5A4904917BA1E0E00E8CB6F /* Icon@2x.png */; };
		C5A4905117BA516C00E8CB6F /* Crashlytics.framework in Frameworks */ = {isa = PBXBuildFile; fileRef = C5A4905017BA516C00E8CB6F /* Crashlytics.framework */; };
		C5AE6B3416D64D6400A1690B /* button.wav in Resources */ = {isa = PBXBuildFile; fileRef = C5AE6B3316D64D6400A1690B /* button.wav */; };
		C5AE6B3916D8E2DA00A1690B /* CaculatorResult.m in Sources */ = {isa = PBXBuildFile; fileRef = C5AE6B3816D8E2DA00A1690B /* CaculatorResult.m */; };
		C5AE6B3F16D913D800A1690B /* help.wav in Resources */ = {isa = PBXBuildFile; fileRef = C5AE6B3C16D913D800A1690B /* help.wav */; };
		C5AE6B4016D913D800A1690B /* history.wav in Resources */ = {isa = PBXBuildFile; fileRef = C5AE6B3D16D913D800A1690B /* history.wav */; };
		C5AE6B4116D913D800A1690B /* save.wav in Resources */ = {isa = PBXBuildFile; fileRef = C5AE6B3E16D913D800A1690B /* save.wav */; };
		C5AE6B4516D9C58700A1690B /* switch.wav in Resources */ = {isa = PBXBuildFile; fileRef = C5AE6B4416D9C58700A1690B /* switch.wav */; };
		C5D8A7DF16CFD277007C3C21 /* QuartzCore.framework in Frameworks */ = {isa = PBXBuildFile; fileRef = C5D8A7DE16CFD277007C3C21 /* QuartzCore.framework */; };
		C5D8A7E816D2437D007C3C21 /* AudioToolbox.framework in Frameworks */ = {isa = PBXBuildFile; fileRef = C5D8A7E716D2437D007C3C21 /* AudioToolbox.framework */; };
		C5D8A7EB16D24E71007C3C21 /* CaculatorResource.m in Sources */ = {isa = PBXBuildFile; fileRef = C5D8A7EA16D24E71007C3C21 /* CaculatorResource.m */; };
		C5DA80CD16CA70F3001B9EC7 /* UIKit.framework in Frameworks */ = {isa = PBXBuildFile; fileRef = C5DA80CC16CA70F3001B9EC7 /* UIKit.framework */; };
		C5DA80CF16CA70F3001B9EC7 /* Foundation.framework in Frameworks */ = {isa = PBXBuildFile; fileRef = C5DA80CE16CA70F3001B9EC7 /* Foundation.framework */; };
		C5DA80D116CA70F3001B9EC7 /* CoreGraphics.framework in Frameworks */ = {isa = PBXBuildFile; fileRef = C5DA80D016CA70F3001B9EC7 /* CoreGraphics.framework */; };
		C5E3CEC016DA60F200DC9FAA /* CaculatorHelpViewController.m in Sources */ = {isa = PBXBuildFile; fileRef = C5E3CEBF16DA60F200DC9FAA /* CaculatorHelpViewController.m */; };
		C5ECD6BB16DB94B2005069FE /* navigationbar.png in Resources */ = {isa = PBXBuildFile; fileRef = C5ECD6BA16DB94B2005069FE /* navigationbar.png */; };
		C5ECD6BD16DB9A4A005069FE /* barbuttonitem.png in Resources */ = {isa = PBXBuildFile; fileRef = C5ECD6BC16DB9A4A005069FE /* barbuttonitem.png */; };
		C5F9AEAE16D9F049002BE8AD /* CaculatorSplashViewController.m in Sources */ = {isa = PBXBuildFile; fileRef = C5F9AEAC16D9F048002BE8AD /* CaculatorSplashViewController.m */; };
		C5F9AEB516DA3BA9002BE8AD /* CaculatorResultTableViewController.m in Sources */ = {isa = PBXBuildFile; fileRef = C5F9AEB316DA3BA8002BE8AD /* CaculatorResultTableViewController.m */; };
/* End PBXBuildFile section */

/* Begin PBXFileReference section */
		C55C848E16EC766B006A29E7 /* CaculatorValue.h */ = {isa = PBXFileReference; fileEncoding = 4; lastKnownFileType = sourcecode.c.h; path = CaculatorValue.h; sourceTree = "<group>"; };
		C55C848F16EC766B006A29E7 /* CaculatorValue.m */ = {isa = PBXFileReference; fileEncoding = 4; lastKnownFileType = sourcecode.c.objc; path = CaculatorValue.m; sourceTree = "<group>"; };
		C5683C3F16E19375005693AE /* CaculatorResultTableViewCell.h */ = {isa = PBXFileReference; fileEncoding = 4; lastKnownFileType = sourcecode.c.h; path = CaculatorResultTableViewCell.h; sourceTree = "<group>"; };
		C5683C4016E19375005693AE /* CaculatorResultTableViewCell.m */ = {isa = PBXFileReference; fileEncoding = 4; lastKnownFileType = sourcecode.c.objc; path = CaculatorResultTableViewCell.m; sourceTree = "<group>"; };
		C5683C4416E2D272005693AE /* help.html */ = {isa = PBXFileReference; fileEncoding = 4; lastKnownFileType = text.html; path = help.html; sourceTree = "<group>"; };
		C583828116EEB8E20044585B /* help1.png */ = {isa = PBXFileReference; lastKnownFileType = image.png; path = help1.png; sourceTree = "<group>"; };
		C583828216EEB8E20044585B /* help1@2x.png */ = {isa = PBXFileReference; lastKnownFileType = image.png; path = "help1@2x.png"; sourceTree = "<group>"; };
		C583828316EEB8E20044585B /* help2.png */ = {isa = PBXFileReference; lastKnownFileType = image.png; path = help2.png; sourceTree = "<group>"; };
		C583828416EEB8E20044585B /* help2@2x.png */ = {isa = PBXFileReference; lastKnownFileType = image.png; path = "help2@2x.png"; sourceTree = "<group>"; };
		C583828516EEB8E20044585B /* help3.png */ = {isa = PBXFileReference; lastKnownFileType = image.png; path = help3.png; sourceTree = "<group>"; };
		C583828616EEB8E20044585B /* help3@2x.png */ = {isa = PBXFileReference; lastKnownFileType = image.png; path = "help3@2x.png"; sourceTree = "<group>"; };
		C583828716EEB8E30044585B /* help4.png */ = {isa = PBXFileReference; lastKnownFileType = image.png; path = help4.png; sourceTree = "<group>"; };
		C583828816EEB8E30044585B /* help4@2x.png */ = {isa = PBXFileReference; lastKnownFileType = image.png; path = "help4@2x.png"; sourceTree = "<group>"; };
		C58382CE16F355850044585B /* CaculatorValueRuleManager.h */ = {isa = PBXFileReference; fileEncoding = 4; lastKnownFileType = sourcecode.c.h; path = CaculatorValueRuleManager.h; sourceTree = "<group>"; };
		C58382CF16F355850044585B /* CaculatorValueRuleManager.m */ = {isa = PBXFileReference; fileEncoding = 4; lastKnownFileType = sourcecode.c.objc; path = CaculatorValueRuleManager.m; sourceTree = "<group>"; };
		C58382D116F356D00044585B /* CaculatorValueRule.h */ = {isa = PBXFileReference; fileEncoding = 4; lastKnownFileType = sourcecode.c.h; path = CaculatorValueRule.h; sourceTree = "<group>"; };
		C58382D216F356D00044585B /* CaculatorValueRule.m */ = {isa = PBXFileReference; fileEncoding = 4; lastKnownFileType = sourcecode.c.objc; path = CaculatorValueRule.m; sourceTree = "<group>"; };
		C58382D716F3630E0044585B /* DecNotationValueRule.h */ = {isa = PBXFileReference; fileEncoding = 4; lastKnownFileType = sourcecode.c.h; path = DecNotationValueRule.h; sourceTree = "<group>"; };
		C58382D816F3630E0044585B /* DecNotationValueRule.m */ = {isa = PBXFileReference; fileEncoding = 4; lastKnownFileType = sourcecode.c.objc; path = DecNotationValueRule.m; sourceTree = "<group>"; };
		C58382DA16F363320044585B /* HexNotationValueRule.h */ = {isa = PBXFileReference; fileEncoding = 4; lastKnownFileType = sourcecode.c.h; path = HexNotationValueRule.h; sourceTree = "<group>"; };
		C58382DB16F363320044585B /* HexNotationValueRule.m */ = {isa = PBXFileReference; fileEncoding = 4; lastKnownFileType = sourcecode.c.objc; path = HexNotationValueRule.m; sourceTree = "<group>"; };
		C5A4901517BA1A5E00E8CB6F /* AppDelegate.h */ = {isa = PBXFileReference; fileEncoding = 4; lastKnownFileType = sourcecode.c.h; path = AppDelegate.h; sourceTree = "<group>"; };
		C5A4901617BA1A5E00E8CB6F /* AppDelegate.m */ = {isa = PBXFileReference; fileEncoding = 4; lastKnownFileType = sourcecode.c.objc; path = AppDelegate.m; sourceTree = "<group>"; };
		C5A4901717BA1A5E00E8CB6F /* CaculatorButton.h */ = {isa = PBXFileReference; fileEncoding = 4; lastKnownFileType = sourcecode.c.h; path = CaculatorButton.h; sourceTree = "<group>"; };
		C5A4901817BA1A5E00E8CB6F /* CaculatorButton.m */ = {isa = PBXFileReference; fileEncoding = 4; lastKnownFileType = sourcecode.c.objc; path = CaculatorButton.m; sourceTree = "<group>"; };
		C5A4901917BA1A5E00E8CB6F /* CaculatorResultModel.h */ = {isa = PBXFileReference; fileEncoding = 4; lastKnownFileType = sourcecode.c.h; path = CaculatorResultModel.h; sourceTree = "<group>"; };
		C5A4901A17BA1A5E00E8CB6F /* CaculatorResultModel.m */ = {isa = PBXFileReference; fileEncoding = 4; lastKnownFileType = sourcecode.c.objc; path = CaculatorResultModel.m; sourceTree = "<group>"; };
		C5A4901B17BA1A5E00E8CB6F /* CaculatorScreenLabel.h */ = {isa = PBXFileReference; fileEncoding = 4; lastKnownFileType = sourcecode.c.h; path = CaculatorScreenLabel.h; sourceTree = "<group>"; };
		C5A4901C17BA1A5E00E8CB6F /* CaculatorScreenLabel.m */ = {isa = PBXFileReference; fileEncoding = 4; lastKnownFileType = sourcecode.c.objc; path = CaculatorScreenLabel.m; sourceTree = "<group>"; };
		C5A4901D17BA1A5E00E8CB6F /* CaculatorUIStyle.h */ = {isa = PBXFileReference; fileEncoding = 4; lastKnownFileType = sourcecode.c.h; path = CaculatorUIStyle.h; sourceTree = "<group>"; };
		C5A4901E17BA1A5E00E8CB6F /* CaculatorUIStyle.m */ = {isa = PBXFileReference; fileEncoding = 4; lastKnownFileType = sourcecode.c.objc; path = CaculatorUIStyle.m; sourceTree = "<group>"; };
		C5A4901F17BA1A5E00E8CB6F /* CaculatorViewController.h */ = {isa = PBXFileReference; fileEncoding = 4; lastKnownFileType = sourcecode.c.h; path = CaculatorViewController.h; sourceTree = "<group>"; };
		C5A4902017BA1A5E00E8CB6F /* CaculatorViewController.m */ = {isa = PBXFileReference; fileEncoding = 4; lastKnownFileType = sourcecode.c.objc; path = CaculatorViewController.m; sourceTree = "<group>"; };
		C5A4902317BA1A5E00E8CB6F /* Default-568h@2x.png */ = {isa = PBXFileReference; lastKnownFileType = image.png; path = "Default-568h@2x.png"; sourceTree = "<group>"; };
		C5A4902417BA1A5E00E8CB6F /* Default.png */ = {isa = PBXFileReference; lastKnownFileType = image.png; path = Default.png; sourceTree = "<group>"; };
		C5A4902517BA1A5E00E8CB6F /* Default@2x.png */ = {isa = PBXFileReference; lastKnownFileType = image.png; path = "Default@2x.png"; sourceTree = "<group>"; };
		C5A4902617BA1A5E00E8CB6F /* main.m */ = {isa = PBXFileReference; fileEncoding = 4; lastKnownFileType = sourcecode.c.objc; path = main.m; sourceTree = "<group>"; };
		C5A4903517BA1AA900E8CB6F /* en */ = {isa = PBXFileReference; lastKnownFileType = file.storyboard; name = en; path = en.lproj/MainStoryboard.storyboard; sourceTree = "<group>"; };
		C5A4903817BA1D5F00E8CB6F /* dbm-watt.Info.plist */ = {isa = PBXFileReference; fileEncoding = 4; lastKnownFileType = text.plist.xml; path = "dbm-watt.Info.plist"; sourceTree = "<group>"; };
		C5A4903917BA1D5F00E8CB6F /* dbm-watt.Prefix.pch */ = {isa = PBXFileReference; fileEncoding = 4; lastKnownFileType = sourcecode.c.h; path = "dbm-watt.Prefix.pch"; sourceTree = "<group>"; };
		C5A4903C17BA1D6800E8CB6F /* en */ = {isa = PBXFileReference; lastKnownFileType = text.plist.strings; name = en; path = en.lproj/InfoPlist.strings; sourceTree = "<group>"; };
		C5A4903E17BA1DC800E8CB6F /* Icon-72.png */ = {isa = PBXFileReference; lastKnownFileType = image.png; path = "Icon-72.png"; sourceTree = "<group>"; };
		C5A4903F17BA1DC800E8CB6F /* Icon-Small-50.png */ = {isa = PBXFileReference; lastKnownFileType = image.png; path = "Icon-Small-50.png"; sourceTree = "<group>"; };
		C5A4904017BA1DC800E8CB6F /* Icon-Small.png */ = {isa = PBXFileReference; lastKnownFileType = image.png; path = "Icon-Small.png"; sourceTree = "<group>"; };
		C5A4904117BA1DC800E8CB6F /* Icon-Small@2x.png */ = {isa = PBXFileReference; lastKnownFileType = image.png; path = "Icon-Small@2x.png"; sourceTree = "<group>"; };
		C5A4904217BA1DC800E8CB6F /* iTunesArtwork */ = {isa = PBXFileReference; lastKnownFileType = file; path = iTunesArtwork; sourceTree = "<group>"; };
		C5A4904817BA1E0E00E8CB6F /* Icon.png */ = {isa = PBXFileReference; lastKnownFileType = image.png; path = Icon.png; sourceTree = "<group>"; };
		C5A4904917BA1E0E00E8CB6F /* Icon@2x.png */ = {isa = PBXFileReference; lastKnownFileType = image.png; path = "Icon@2x.png"; sourceTree = "<group>"; };
		C5A4905017BA516C00E8CB6F /* Crashlytics.framework */ = {isa = PBXFileReference; lastKnownFileType = wrapper.framework; path = Crashlytics.framework; sourceTree = "<group>"; };
		C5AE6B3316D64D6400A1690B /* button.wav */ = {isa = PBXFileReference; lastKnownFileType = audio.wav; path = button.wav; sourceTree = "<group>"; };
		C5AE6B3716D8E2DA00A1690B /* CaculatorResult.h */ = {isa = PBXFileReference; fileEncoding = 4; lastKnownFileType = sourcecode.c.h; path = CaculatorResult.h; sourceTree = "<group>"; };
		C5AE6B3816D8E2DA00A1690B /* CaculatorResult.m */ = {isa = PBXFileReference; fileEncoding = 4; lastKnownFileType = sourcecode.c.objc; path = CaculatorResult.m; sourceTree = "<group>"; };
		C5AE6B3A16D8F1B400A1690B /* CaculatorTypeDefinitions.h */ = {isa = PBXFileReference; lastKnownFileType = sourcecode.c.h; path = CaculatorTypeDefinitions.h; sourceTree = "<group>"; };
		C5AE6B3C16D913D800A1690B /* help.wav */ = {isa = PBXFileReference; lastKnownFileType = audio.wav; path = help.wav; sourceTree = "<group>"; };
		C5AE6B3D16D913D800A1690B /* history.wav */ = {isa = PBXFileReference; lastKnownFileType = audio.wav; path = history.wav; sourceTree = "<group>"; };
		C5AE6B3E16D913D800A1690B /* save.wav */ = {isa = PBXFileReference; lastKnownFileType = audio.wav; path = save.wav; sourceTree = "<group>"; };
		C5AE6B4416D9C58700A1690B /* switch.wav */ = {isa = PBXFileReference; lastKnownFileType = audio.wav; path = switch.wav; sourceTree = "<group>"; };
		C5D8A7DE16CFD277007C3C21 /* QuartzCore.framework */ = {isa = PBXFileReference; lastKnownFileType = wrapper.framework; name = QuartzCore.framework; path = System/Library/Frameworks/QuartzCore.framework; sourceTree = SDKROOT; };
		C5D8A7E716D2437D007C3C21 /* AudioToolbox.framework */ = {isa = PBXFileReference; lastKnownFileType = wrapper.framework; name = AudioToolbox.framework; path = System/Library/Frameworks/AudioToolbox.framework; sourceTree = SDKROOT; };
		C5D8A7E916D24E70007C3C21 /* CaculatorResource.h */ = {isa = PBXFileReference; fileEncoding = 4; lastKnownFileType = sourcecode.c.h; path = CaculatorResource.h; sourceTree = "<group>"; };
		C5D8A7EA16D24E71007C3C21 /* CaculatorResource.m */ = {isa = PBXFileReference; fileEncoding = 4; lastKnownFileType = sourcecode.c.objc; path = CaculatorResource.m; sourceTree = "<group>"; };
		C5DA80C916CA70F3001B9EC7 /* dbm-watt.app */ = {isa = PBXFileReference; explicitFileType = wrapper.application; includeInIndex = 0; path = "dbm-watt.app"; sourceTree = BUILT_PRODUCTS_DIR; };
		C5DA80CC16CA70F3001B9EC7 /* UIKit.framework */ = {isa = PBXFileReference; lastKnownFileType = wrapper.framework; name = UIKit.framework; path = System/Library/Frameworks/UIKit.framework; sourceTree = SDKROOT; };
		C5DA80CE16CA70F3001B9EC7 /* Foundation.framework */ = {isa = PBXFileReference; lastKnownFileType = wrapper.framework; name = Foundation.framework; path = System/Library/Frameworks/Foundation.framework; sourceTree = SDKROOT; };
		C5DA80D016CA70F3001B9EC7 /* CoreGraphics.framework */ = {isa = PBXFileReference; lastKnownFileType = wrapper.framework; name = CoreGraphics.framework; path = System/Library/Frameworks/CoreGraphics.framework; sourceTree = SDKROOT; };
		C5E3CEBE16DA60F100DC9FAA /* CaculatorHelpViewController.h */ = {isa = PBXFileReference; fileEncoding = 4; lastKnownFileType = sourcecode.c.h; path = CaculatorHelpViewController.h; sourceTree = "<group>"; };
		C5E3CEBF16DA60F200DC9FAA /* CaculatorHelpViewController.m */ = {isa = PBXFileReference; fileEncoding = 4; lastKnownFileType = sourcecode.c.objc; path = CaculatorHelpViewController.m; sourceTree = "<group>"; };
		C5ECD6BA16DB94B2005069FE /* navigationbar.png */ = {isa = PBXFileReference; lastKnownFileType = image.png; path = navigationbar.png; sourceTree = "<group>"; };
		C5ECD6BC16DB9A4A005069FE /* barbuttonitem.png */ = {isa = PBXFileReference; lastKnownFileType = image.png; path = barbuttonitem.png; sourceTree = "<group>"; };
		C5F9AEAB16D9F048002BE8AD /* CaculatorSplashViewController.h */ = {isa = PBXFileReference; fileEncoding = 4; lastKnownFileType = sourcecode.c.h; path = CaculatorSplashViewController.h; sourceTree = "<group>"; };
		C5F9AEAC16D9F048002BE8AD /* CaculatorSplashViewController.m */ = {isa = PBXFileReference; fileEncoding = 4; lastKnownFileType = sourcecode.c.objc; path = CaculatorSplashViewController.m; sourceTree = "<group>"; };
		C5F9AEB216DA3BA8002BE8AD /* CaculatorResultTableViewController.h */ = {isa = PBXFileReference; fileEncoding = 4; lastKnownFileType = sourcecode.c.h; path = CaculatorResultTableViewController.h; sourceTree = "<group>"; };
		C5F9AEB316DA3BA8002BE8AD /* CaculatorResultTableViewController.m */ = {isa = PBXFileReference; fileEncoding = 4; lastKnownFileType = sourcecode.c.objc; path = CaculatorResultTableViewController.m; sourceTree = "<group>"; };
/* End PBXFileReference section */

/* Begin PBXFrameworksBuildPhase section */
		C5DA80C616CA70F3001B9EC7 /* Frameworks */ = {
			isa = PBXFrameworksBuildPhase;
			buildActionMask = 2147483647;
			files = (
				C5D8A7E816D2437D007C3C21 /* AudioToolbox.framework in Frameworks */,
				C5D8A7DF16CFD277007C3C21 /* QuartzCore.framework in Frameworks */,
				C5DA80CD16CA70F3001B9EC7 /* UIKit.framework in Frameworks */,
				C5DA80CF16CA70F3001B9EC7 /* Foundation.framework in Frameworks */,
				C5DA80D116CA70F3001B9EC7 /* CoreGraphics.framework in Frameworks */,
				C5A4905117BA516C00E8CB6F /* Crashlytics.framework in Frameworks */,
			);
			runOnlyForDeploymentPostprocessing = 0;
		};
/* End PBXFrameworksBuildPhase section */

/* Begin PBXGroup section */
		C575FD9F16D509130022B5E4 /* Classes */ = {
			isa = PBXGroup;
			children = (
				C5A4903417BA1AA900E8CB6F /* MainStoryboard.storyboard */,
				C5A4901517BA1A5E00E8CB6F /* AppDelegate.h */,
				C5A4901617BA1A5E00E8CB6F /* AppDelegate.m */,
				C5A4901717BA1A5E00E8CB6F /* CaculatorButton.h */,
				C5A4901817BA1A5E00E8CB6F /* CaculatorButton.m */,
				C5A4901917BA1A5E00E8CB6F /* CaculatorResultModel.h */,
				C5A4901A17BA1A5E00E8CB6F /* CaculatorResultModel.m */,
				C5A4901B17BA1A5E00E8CB6F /* CaculatorScreenLabel.h */,
				C5A4901C17BA1A5E00E8CB6F /* CaculatorScreenLabel.m */,
				C5A4901D17BA1A5E00E8CB6F /* CaculatorUIStyle.h */,
				C5A4901E17BA1A5E00E8CB6F /* CaculatorUIStyle.m */,
				C5A4901F17BA1A5E00E8CB6F /* CaculatorViewController.h */,
				C5A4902017BA1A5E00E8CB6F /* CaculatorViewController.m */,
				C5AE6B3A16D8F1B400A1690B /* CaculatorTypeDefinitions.h */,
				C55C848E16EC766B006A29E7 /* CaculatorValue.h */,
				C55C848F16EC766B006A29E7 /* CaculatorValue.m */,
				C5AE6B3716D8E2DA00A1690B /* CaculatorResult.h */,
				C5AE6B3816D8E2DA00A1690B /* CaculatorResult.m */,
				C5D8A7E916D24E70007C3C21 /* CaculatorResource.h */,
				C5D8A7EA16D24E71007C3C21 /* CaculatorResource.m */,
				C58382D116F356D00044585B /* CaculatorValueRule.h */,
				C58382D216F356D00044585B /* CaculatorValueRule.m */,
				C58382D716F3630E0044585B /* DecNotationValueRule.h */,
				C58382D816F3630E0044585B /* DecNotationValueRule.m */,
				C58382DA16F363320044585B /* HexNotationValueRule.h */,
				C58382DB16F363320044585B /* HexNotationValueRule.m */,
				C58382CE16F355850044585B /* CaculatorValueRuleManager.h */,
				C58382CF16F355850044585B /* CaculatorValueRuleManager.m */,
				C5E3CEBE16DA60F100DC9FAA /* CaculatorHelpViewController.h */,
				C5E3CEBF16DA60F200DC9FAA /* CaculatorHelpViewController.m */,
				C5683C3F16E19375005693AE /* CaculatorResultTableViewCell.h */,
				C5683C4016E19375005693AE /* CaculatorResultTableViewCell.m */,
				C5F9AEAB16D9F048002BE8AD /* CaculatorSplashViewController.h */,
				C5F9AEAC16D9F048002BE8AD /* CaculatorSplashViewController.m */,
				C5F9AEB216DA3BA8002BE8AD /* CaculatorResultTableViewController.h */,
				C5F9AEB316DA3BA8002BE8AD /* CaculatorResultTableViewController.m */,
				C5DA80D316CA70F3001B9EC7 /* Supporting Files */,
			);
			name = Classes;
			sourceTree = "<group>";
		};
		C575FDA016D509280022B5E4 /* Resources */ = {
			isa = PBXGroup;
			children = (
				C5A4904817BA1E0E00E8CB6F /* Icon.png */,
				C5A4904917BA1E0E00E8CB6F /* Icon@2x.png */,
				C5A4903E17BA1DC800E8CB6F /* Icon-72.png */,
				C5A4903F17BA1DC800E8CB6F /* Icon-Small-50.png */,
				C5A4904017BA1DC800E8CB6F /* Icon-Small.png */,
				C5A4904117BA1DC800E8CB6F /* Icon-Small@2x.png */,
				C5A4904217BA1DC800E8CB6F /* iTunesArtwork */,
				C5A4902317BA1A5E00E8CB6F /* Default-568h@2x.png */,
				C5A4902417BA1A5E00E8CB6F /* Default.png */,
				C5A4902517BA1A5E00E8CB6F /* Default@2x.png */,
				C583828116EEB8E20044585B /* help1.png */,
				C583828216EEB8E20044585B /* help1@2x.png */,
				C583828316EEB8E20044585B /* help2.png */,
				C583828416EEB8E20044585B /* help2@2x.png */,
				C583828516EEB8E20044585B /* help3.png */,
				C583828616EEB8E20044585B /* help3@2x.png */,
				C583828716EEB8E30044585B /* help4.png */,
				C583828816EEB8E30044585B /* help4@2x.png */,
				C5683C4416E2D272005693AE /* help.html */,
				C5ECD6BC16DB9A4A005069FE /* barbuttonitem.png */,
				C5ECD6BA16DB94B2005069FE /* navigationbar.png */,
				C5AE6B4416D9C58700A1690B /* switch.wav */,
				C5AE6B3C16D913D800A1690B /* help.wav */,
				C5AE6B3D16D913D800A1690B /* history.wav */,
				C5AE6B3E16D913D800A1690B /* save.wav */,
				C5AE6B3316D64D6400A1690B /* button.wav */,
			);
			name = Resources;
			sourceTree = "<group>";
		};
		C5DA80C016CA70F3001B9EC7 = {
			isa = PBXGroup;
			children = (
				C575FD9F16D509130022B5E4 /* Classes */,
				C575FDA016D509280022B5E4 /* Resources */,
				C5DA80CB16CA70F3001B9EC7 /* Frameworks */,
				C5DA80CA16CA70F3001B9EC7 /* Products */,
			);
			sourceTree = "<group>";
		};
		C5DA80CA16CA70F3001B9EC7 /* Products */ = {
			isa = PBXGroup;
			children = (
				C5DA80C916CA70F3001B9EC7 /* dbm-watt.app */,
			);
			name = Products;
			sourceTree = "<group>";
		};
		C5DA80CB16CA70F3001B9EC7 /* Frameworks */ = {
			isa = PBXGroup;
			children = (
				C5A4905017BA516C00E8CB6F /* Crashlytics.framework */,
				C5D8A7E716D2437D007C3C21 /* AudioToolbox.framework */,
				C5D8A7DE16CFD277007C3C21 /* QuartzCore.framework */,
				C5DA80CC16CA70F3001B9EC7 /* UIKit.framework */,
				C5DA80CE16CA70F3001B9EC7 /* Foundation.framework */,
				C5DA80D016CA70F3001B9EC7 /* CoreGraphics.framework */,
			);
			name = Frameworks;
			sourceTree = "<group>";
		};
		C5DA80D316CA70F3001B9EC7 /* Supporting Files */ = {
			isa = PBXGroup;
			children = (
				C5A4903B17BA1D6800E8CB6F /* InfoPlist.strings */,
				C5A4903817BA1D5F00E8CB6F /* dbm-watt.Info.plist */,
				C5A4903917BA1D5F00E8CB6F /* dbm-watt.Prefix.pch */,
				C5A4902617BA1A5E00E8CB6F /* main.m */,
			);
			name = "Supporting Files";
			sourceTree = "<group>";
		};
/* End PBXGroup section */

/* Begin PBXNativeTarget section */
		C5DA80C816CA70F3001B9EC7 /* dbm-watt */ = {
			isa = PBXNativeTarget;
			buildConfigurationList = C5DA80EC16CA70F3001B9EC7 /* Build configuration list for PBXNativeTarget "dbm-watt" */;
			buildPhases = (
				C5DA80C516CA70F3001B9EC7 /* Sources */,
				C5DA80C616CA70F3001B9EC7 /* Frameworks */,
				C5DA80C716CA70F3001B9EC7 /* Resources */,
				C500EF2216CF363A00C2BFF0 /* ShellScript */,
				C5A4904F17BA513C00E8CB6F /* ShellScript */,
				C5D1D4EA17BB17D200C5A15B /* ShellScript */,
			);
			buildRules = (
			);
			dependencies = (
			);
			name = "dbm-watt";
			productName = "dbm-watt";
			productReference = C5DA80C916CA70F3001B9EC7 /* dbm-watt.app */;
			productType = "com.apple.product-type.application";
		};
/* End PBXNativeTarget section */

/* Begin PBXProject section */
		C5DA80C116CA70F3001B9EC7 /* Project object */ = {
			isa = PBXProject;
			attributes = {
				LastUpgradeCheck = 0460;
				ORGANIZATIONNAME = "Code Animal";
			};
			buildConfigurationList = C5DA80C416CA70F3001B9EC7 /* Build configuration list for PBXProject "dbm-watt" */;
			compatibilityVersion = "Xcode 3.2";
			developmentRegion = English;
			hasScannedForEncodings = 0;
			knownRegions = (
				en,
			);
			mainGroup = C5DA80C016CA70F3001B9EC7;
			productRefGroup = C5DA80CA16CA70F3001B9EC7 /* Products */;
			projectDirPath = "";
			projectRoot = "";
			targets = (
				C5DA80C816CA70F3001B9EC7 /* dbm-watt */,
			);
		};
/* End PBXProject section */

/* Begin PBXResourcesBuildPhase section */
		C5DA80C716CA70F3001B9EC7 /* Resources */ = {
			isa = PBXResourcesBuildPhase;
			buildActionMask = 2147483647;
			files = (
				C5AE6B3416D64D6400A1690B /* button.wav in Resources */,
				C5AE6B3F16D913D800A1690B /* help.wav in Resources */,
				C5AE6B4016D913D800A1690B /* history.wav in Resources */,
				C5AE6B4116D913D800A1690B /* save.wav in Resources */,
				C5AE6B4516D9C58700A1690B /* switch.wav in Resources */,
				C5ECD6BB16DB94B2005069FE /* navigationbar.png in Resources */,
				C5ECD6BD16DB9A4A005069FE /* barbuttonitem.png in Resources */,
				C5683C4516E2D272005693AE /* help.html in Resources */,
				C583828916EEB8E30044585B /* help1.png in Resources */,
				C583828A16EEB8E30044585B /* help1@2x.png in Resources */,
				C583828B16EEB8E30044585B /* help2.png in Resources */,
				C583828C16EEB8E30044585B /* help2@2x.png in Resources */,
				C583828D16EEB8E30044585B /* help3.png in Resources */,
				C583828E16EEB8E30044585B /* help3@2x.png in Resources */,
				C583828F16EEB8E30044585B /* help4.png in Resources */,
				C583829016EEB8E30044585B /* help4@2x.png in Resources */,
				C5A4902E17BA1A5E00E8CB6F /* Default-568h@2x.png in Resources */,
				C5A4902F17BA1A5E00E8CB6F /* Default.png in Resources */,
				C5A4903017BA1A5E00E8CB6F /* Default@2x.png in Resources */,
				C5A4903717BA1AA900E8CB6F /* MainStoryboard.storyboard in Resources */,
				C5A4903D17BA1D6800E8CB6F /* InfoPlist.strings in Resources */,
				C5A4904317BA1DC800E8CB6F /* Icon-72.png in Resources */,
				C5A4904417BA1DC800E8CB6F /* Icon-Small-50.png in Resources */,
				C5A4904517BA1DC800E8CB6F /* Icon-Small.png in Resources */,
				C5A4904617BA1DC800E8CB6F /* Icon-Small@2x.png in Resources */,
				C5A4904717BA1DC800E8CB6F /* iTunesArtwork in Resources */,
				C5A4904A17BA1E0E00E8CB6F /* Icon.png in Resources */,
				C5A4904B17BA1E0E00E8CB6F /* Icon@2x.png in Resources */,
			);
			runOnlyForDeploymentPostprocessing = 0;
		};
/* End PBXResourcesBuildPhase section */

/* Begin PBXShellScriptBuildPhase section */
		C500EF2216CF363A00C2BFF0 /* ShellScript */ = {
			isa = PBXShellScriptBuildPhase;
			buildActionMask = 2147483647;
			files = (
			);
			inputPaths = (
			);
			outputPaths = (
			);
			runOnlyForDeploymentPostprocessing = 0;
			shellPath = /bin/sh;
			shellScript = "export CODESIGN_ALLOCATE=/Applications/Xcode.app/Contents/Developer/Platforms/iPhoneOS.platform/Developer/usr/bin/codesign_allocate\nif [ \"${PLATFORM_NAME}\" == \"iphoneos\" ] || [ \"${PLATFORM_NAME}\" == \"ipados\" ]; then\n/Applications/Xcode.app/Contents/Developer/iphoneentitlements/gen_entitlements.py \"my.company.${PROJECT_NAME}\" \"${BUILT_PRODUCTS_DIR}/${WRAPPER_NAME}/${PROJECT_NAME}.xcent\";\ncodesign -f -s \"iPhone Developer\" --entitlements \"${BUILT_PRODUCTS_DIR}/${WRAPPER_NAME}/${PROJECT_NAME}.xcent\" \"${BUILT_PRODUCTS_DIR}/${WRAPPER_NAME}/\"\nfi\n";
		};
		C5A4904F17BA513C00E8CB6F /* ShellScript */ = {
			isa = PBXShellScriptBuildPhase;
			buildActionMask = 2147483647;
			files = (
			);
			inputPaths = (
			);
			outputPaths = (
			);
			runOnlyForDeploymentPostprocessing = 0;
			shellPath = /bin/sh;
			shellScript = "./Crashlytics.framework/run 592220da47f22b9cdb4a9df47ea79170d94a150a";
		};
		C5D1D4EA17BB17D200C5A15B /* ShellScript */ = {
			isa = PBXShellScriptBuildPhase;
			buildActionMask = 2147483647;
			files = (
			);
			inputPaths = (
			);
			outputPaths = (
			);
			runOnlyForDeploymentPostprocessing = 0;
			shellPath = /bin/sh;
			shellScript = "version=`/usr/libexec/PlistBuddy -c \"Print CFBundleVersion\" $PRODUCT_SETTINGS_PATH`\nversion=`expr $version + 1`\n/usr/libexec/PlistBuddy -c \"Set :CFBundleVersion $version\" $PRODUCT_SETTINGS_PATH\n#/usr/libexec/PlistBuddy -c \"Set :CFBundleShortVersionString $version\" $PRODUCT_SETTINGS_PATH 这行代码会让version也自增，一般不需要";
		};
/* End PBXShellScriptBuildPhase section */

/* Begin PBXSourcesBuildPhase section */
		C5DA80C516CA70F3001B9EC7 /* Sources */ = {
			isa = PBXSourcesBuildPhase;
			buildActionMask = 2147483647;
			files = (
				C5D8A7EB16D24E71007C3C21 /* CaculatorResource.m in Sources */,
				C5AE6B3916D8E2DA00A1690B /* CaculatorResult.m in Sources */,
				C5F9AEAE16D9F049002BE8AD /* CaculatorSplashViewController.m in Sources */,
				C5F9AEB516DA3BA9002BE8AD /* CaculatorResultTableViewController.m in Sources */,
				C5E3CEC016DA60F200DC9FAA /* CaculatorHelpViewController.m in Sources */,
				C5683C4116E19375005693AE /* CaculatorResultTableViewCell.m in Sources */,
				C55C849016EC766B006A29E7 /* CaculatorValue.m in Sources */,
				C58382D016F355860044585B /* CaculatorValueRuleManager.m in Sources */,
				C58382D316F356D10044585B /* CaculatorValueRule.m in Sources */,
				C58382D916F3630E0044585B /* DecNotationValueRule.m in Sources */,
				C58382DC16F363330044585B /* HexNotationValueRule.m in Sources */,
				C5A4902717BA1A5E00E8CB6F /* AppDelegate.m in Sources */,
				C5A4902817BA1A5E00E8CB6F /* CaculatorButton.m in Sources */,
				C5A4902917BA1A5E00E8CB6F /* CaculatorResultModel.m in Sources */,
				C5A4902A17BA1A5E00E8CB6F /* CaculatorScreenLabel.m in Sources */,
				C5A4902B17BA1A5E00E8CB6F /* CaculatorUIStyle.m in Sources */,
				C5A4902C17BA1A5E00E8CB6F /* CaculatorViewController.m in Sources */,
				C5A4903117BA1A5E00E8CB6F /* main.m in Sources */,
			);
			runOnlyForDeploymentPostprocessing = 0;
		};
/* End PBXSourcesBuildPhase section */

/* Begin PBXVariantGroup section */
		C5A4903417BA1AA900E8CB6F /* MainStoryboard.storyboard */ = {
			isa = PBXVariantGroup;
			children = (
				C5A4903517BA1AA900E8CB6F /* en */,
			);
			name = MainStoryboard.storyboard;
			sourceTree = "<group>";
		};
		C5A4903B17BA1D6800E8CB6F /* InfoPlist.strings */ = {
			isa = PBXVariantGroup;
			children = (
				C5A4903C17BA1D6800E8CB6F /* en */,
			);
			name = InfoPlist.strings;
			sourceTree = "<group>";
		};
/* End PBXVariantGroup section */

/* Begin XCBuildConfiguration section */
		C5DA80EA16CA70F3001B9EC7 /* Debug */ = {
			isa = XCBuildConfiguration;
			buildSettings = {
				ALWAYS_SEARCH_USER_PATHS = NO;
				CLANG_CXX_LANGUAGE_STANDARD = "gnu++0x";
				CLANG_CXX_LIBRARY = "libc++";
				CLANG_ENABLE_OBJC_ARC = YES;
				CLANG_WARN_CONSTANT_CONVERSION = YES;
				CLANG_WARN_EMPTY_BODY = YES;
				CLANG_WARN_ENUM_CONVERSION = YES;
				CLANG_WARN_INT_CONVERSION = YES;
				CLANG_WARN__DUPLICATE_METHOD_MATCH = YES;
				CODE_SIGN_IDENTITY = "Don't Code Sign";
				"CODE_SIGN_IDENTITY[sdk=iphoneos*]" = "Don't Code Sign";
				COPY_PHASE_STRIP = NO;
				GCC_C_LANGUAGE_STANDARD = gnu99;
				GCC_DYNAMIC_NO_PIC = NO;
				GCC_OPTIMIZATION_LEVEL = 0;
				GCC_PREPROCESSOR_DEFINITIONS = (
					"DEBUG=1",
					"$(inherited)",
				);
				GCC_SYMBOLS_PRIVATE_EXTERN = NO;
				GCC_WARN_ABOUT_RETURN_TYPE = YES;
				GCC_WARN_UNINITIALIZED_AUTOS = YES;
				GCC_WARN_UNUSED_VARIABLE = YES;
				IPHONEOS_DEPLOYMENT_TARGET = 5.1;
				ONLY_ACTIVE_ARCH = YES;
				PROVISIONING_PROFILE = "";
				"PROVISIONING_PROFILE[sdk=iphoneos*]" = "";
				SDKROOT = iphoneos;
			};
			name = Debug;
		};
		C5DA80EB16CA70F3001B9EC7 /* Release */ = {
			isa = XCBuildConfiguration;
			buildSettings = {
				ALWAYS_SEARCH_USER_PATHS = NO;
				CLANG_CXX_LANGUAGE_STANDARD = "gnu++0x";
				CLANG_CXX_LIBRARY = "libc++";
				CLANG_ENABLE_OBJC_ARC = YES;
				CLANG_WARN_CONSTANT_CONVERSION = YES;
				CLANG_WARN_EMPTY_BODY = YES;
				CLANG_WARN_ENUM_CONVERSION = YES;
				CLANG_WARN_INT_CONVERSION = YES;
				CLANG_WARN__DUPLICATE_METHOD_MATCH = YES;
				CODE_SIGN_IDENTITY = "Don't Code Sign";
				"CODE_SIGN_IDENTITY[sdk=iphoneos*]" = "Don't Code Sign";
				COPY_PHASE_STRIP = YES;
				GCC_C_LANGUAGE_STANDARD = gnu99;
				GCC_WARN_ABOUT_RETURN_TYPE = YES;
				GCC_WARN_UNINITIALIZED_AUTOS = YES;
				GCC_WARN_UNUSED_VARIABLE = YES;
				IPHONEOS_DEPLOYMENT_TARGET = 5.1;
				OTHER_CFLAGS = "-DNS_BLOCK_ASSERTIONS=1";
				PROVISIONING_PROFILE = "";
				"PROVISIONING_PROFILE[sdk=iphoneos*]" = "";
				SDKROOT = iphoneos;
				VALIDATE_PRODUCT = YES;
			};
			name = Release;
		};
		C5DA80ED16CA70F3001B9EC7 /* Debug */ = {
			isa = XCBuildConfiguration;
			buildSettings = {
				CODE_SIGN_IDENTITY = "Don't Code Sign";
				"CODE_SIGN_IDENTITY[sdk=iphoneos*]" = "Don't Code Sign";
				FRAMEWORK_SEARCH_PATHS = (
					"$(inherited)",
					"\"$(SRCROOT)\"",
				);
				GCC_PRECOMPILE_PREFIX_HEADER = YES;
				GCC_PREFIX_HEADER = "dbm-watt.Prefix.pch";
				INFOPLIST_FILE = "$(SRCROOT)/dbm-watt.Info.plist";
				PRODUCT_NAME = "$(TARGET_NAME)";
				PROVISIONING_PROFILE = "";
				"PROVISIONING_PROFILE[sdk=iphoneos*]" = "";
				WRAPPER_EXTENSION = app;
			};
			name = Debug;
		};
		C5DA80EE16CA70F3001B9EC7 /* Release */ = {
			isa = XCBuildConfiguration;
			buildSettings = {
				CODE_SIGN_IDENTITY = "Don't Code Sign";
				"CODE_SIGN_IDENTITY[sdk=iphoneos*]" = "Don't Code Sign";
				FRAMEWORK_SEARCH_PATHS = (
					"$(inherited)",
					"\"$(SRCROOT)\"",
				);
				GCC_PRECOMPILE_PREFIX_HEADER = YES;
				GCC_PREFIX_HEADER = "dbm-watt.Prefix.pch";
				INFOPLIST_FILE = "$(SRCROOT)/dbm-watt.Info.plist";
				PRODUCT_NAME = "$(TARGET_NAME)";
				PROVISIONING_PROFILE = "";
				"PROVISIONING_PROFILE[sdk=iphoneos*]" = "";
				WRAPPER_EXTENSION = app;
			};
			name = Release;
		};
/* End XCBuildConfiguration section */

/* Begin XCConfigurationList section */
		C5DA80C416CA70F3001B9EC7 /* Build configuration list for PBXProject "dbm-watt" */ = {
			isa = XCConfigurationList;
			buildConfigurations = (
				C5DA80EA16CA70F3001B9EC7 /* Debug */,
				C5DA80EB16CA70F3001B9EC7 /* Release */,
			);
			defaultConfigurationIsVisible = 0;
			defaultConfigurationName = Release;
		};
		C5DA80EC16CA70F3001B9EC7 /* Build configuration list for PBXNativeTarget "dbm-watt" */ = {
			isa = XCConfigurationList;
			buildConfigurations = (
				C5DA80ED16CA70F3001B9EC7 /* Debug */,
				C5DA80EE16CA70F3001B9EC7 /* Release */,
			);
			defaultConfigurationIsVisible = 0;
			defaultConfigurationName = Release;
		};
/* End XCConfigurationList section */
	};
	rootObject = C5DA80C116CA70F3001B9EC7 /* Project object */;
}
